
Microsoft Visual Studio Solution File, Format Version 12.00
# Visual Studio Version 16
VisualStudioVersion = 16.0.31613.86
MinimumVisualStudioVersion = 10.0.40219.1
Project("{13B669BE-BB05-4DDF-9536-439F39A36129}") = "Ejercicio n2", "Ejercicio n2.phpproj", "{0DE4318D-6465-4D99-9AAC-41845F984B0A}"
EndProject
Global
	GlobalSection(SolutionConfigurationPlatforms) = preSolution
		Debug|Any CPU = Debug|Any CPU
		Release|Any CPU = Release|Any CPU
	EndGlobalSection
	GlobalSection(ProjectConfigurationPlatforms) = postSolution
		{0DE4318D-6465-4D99-9AAC-41845F984B0A}.Debug|Any CPU.ActiveCfg = Debug|Any CPU
		{0DE4318D-6465-4D99-9AAC-41845F984B0A}.Debug|Any CPU.Build.0 = Debug|Any CPU
		{0DE4318D-6465-4D99-9AAC-41845F984B0A}.Release|Any CPU.ActiveCfg = Release|Any CPU
		{0DE4318D-6465-4D99-9AAC-41845F984B0A}.Release|Any CPU.Build.0 = Release|Any CPU
	EndGlobalSection
	GlobalSection(SolutionProperties) = preSolution
		HideSolutionNode = FALSE
	EndGlobalSection
	GlobalSection(ExtensibilityGlobals) = postSolution
		SolutionGuid = {8F38CA37-FDC1-45D5-B099-8B94879ADC7E}
	EndGlobalSection
EndGlobal
