
Microsoft Visual Studio Solution File, Format Version 12.00
# Visual Studio Version 16
VisualStudioVersion = 16.0.31613.86
MinimumVisualStudioVersion = 10.0.40219.1
Project("{13B669BE-BB05-4DDF-9536-439F39A36129}") = "Ejercicio 1", "Ejercicio 1.phpproj", "{C7D460CD-4648-4080-90E7-5838F8203C7E}"
EndProject
Global
	GlobalSection(SolutionConfigurationPlatforms) = preSolution
		Debug|Any CPU = Debug|Any CPU
		Release|Any CPU = Release|Any CPU
	EndGlobalSection
	GlobalSection(ProjectConfigurationPlatforms) = postSolution
		{C7D460CD-4648-4080-90E7-5838F8203C7E}.Debug|Any CPU.ActiveCfg = Debug|Any CPU
		{C7D460CD-4648-4080-90E7-5838F8203C7E}.Debug|Any CPU.Build.0 = Debug|Any CPU
		{C7D460CD-4648-4080-90E7-5838F8203C7E}.Release|Any CPU.ActiveCfg = Release|Any CPU
		{C7D460CD-4648-4080-90E7-5838F8203C7E}.Release|Any CPU.Build.0 = Release|Any CPU
	EndGlobalSection
	GlobalSection(SolutionProperties) = preSolution
		HideSolutionNode = FALSE
	EndGlobalSection
	GlobalSection(ExtensibilityGlobals) = postSolution
		SolutionGuid = {F0A18A3C-8C5C-4F47-85CA-72128E627114}
	EndGlobalSection
EndGlobal
